
Microsoft Visual Studio Solution File, Format Version 11.00
# Visual C++ Express 2010
Project("{8BC9CEB8-8B4A-11D0-8D11-00A0C91BC942}") = "VRPNClient", "VRPNClient\VRPNClient.vcxproj", "{D7473EF7-59A3-486B-A3D8-95BA6EAF7841}"
EndProject
Global
	GlobalSection(SolutionConfigurationPlatforms) = preSolution
		Debug|Win32 = Debug|Win32
		Release|Win32 = Release|Win32
	EndGlobalSection
	GlobalSection(ProjectConfigurationPlatforms) = postSolution
		{D7473EF7-59A3-486B-A3D8-95BA6EAF7841}.Debug|Win32.ActiveCfg = Debug|Win32
		{D7473EF7-59A3-486B-A3D8-95BA6EAF7841}.Debug|Win32.Build.0 = Debug|Win32
		{D7473EF7-59A3-486B-A3D8-95BA6EAF7841}.Release|Win32.ActiveCfg = Release|Win32
		{D7473EF7-59A3-486B-A3D8-95BA6EAF7841}.Release|Win32.Build.0 = Release|Win32
	EndGlobalSection
	GlobalSection(SolutionProperties) = preSolution
		HideSolutionNode = FALSE
	EndGlobalSection
EndGlobal
